
Microsoft Visual Studio Solution File, Format Version 12.00
# Visual Studio Version 16
VisualStudioVersion = 16.0.31911.196
MinimumVisualStudioVersion = 10.0.40219.1
Project("{FAE04EC0-301F-11D3-BF4B-00C04F79EFBC}") = "generate-password", "generate-password\generate-password.csproj", "{AE87A304-D7FE-4C98-A8A1-FA0353626610}"
EndProject
Project("{54435603-DBB4-11D2-8724-00A0C9A8B90C}") = "GeneratePassword", "GeneratePassword\GeneratePassword.vdproj", "{DD6C2CB4-0354-41FB-BDDB-31A39FEA3112}"
EndProject
Global
	GlobalSection(SolutionConfigurationPlatforms) = preSolution
		Debug|Any CPU = Debug|Any CPU
		Release|Any CPU = Release|Any CPU
	EndGlobalSection
	GlobalSection(ProjectConfigurationPlatforms) = postSolution
		{AE87A304-D7FE-4C98-A8A1-FA0353626610}.Debug|Any CPU.ActiveCfg = Debug|Any CPU
		{AE87A304-D7FE-4C98-A8A1-FA0353626610}.Debug|Any CPU.Build.0 = Debug|Any CPU
		{AE87A304-D7FE-4C98-A8A1-FA0353626610}.Release|Any CPU.ActiveCfg = Release|Any CPU
		{AE87A304-D7FE-4C98-A8A1-FA0353626610}.Release|Any CPU.Build.0 = Release|Any CPU
		{DD6C2CB4-0354-41FB-BDDB-31A39FEA3112}.Debug|Any CPU.ActiveCfg = Debug
		{DD6C2CB4-0354-41FB-BDDB-31A39FEA3112}.Release|Any CPU.ActiveCfg = Release
	EndGlobalSection
	GlobalSection(SolutionProperties) = preSolution
		HideSolutionNode = FALSE
	EndGlobalSection
	GlobalSection(ExtensibilityGlobals) = postSolution
		SolutionGuid = {58C0E5F5-7F26-45AA-A23F-DE1F1961652A}
	EndGlobalSection
EndGlobal
